Microsoft Visual Studio Solution File, Format Version 12.00
# Visual Studio Version 17
VisualStudioVersion = 17.5.2.0
MinimumVisualStudioVersion = 10.0.40219.1
Project("{FAE04EC0-301F-11D3-BF4B-00C04F79EFBC}") = "RecipeApp.Api", "RecipeApp.Api\RecipeApp.Api.csproj", "{EE733C17-EC70-8273-48BD-D520837A0966}"
EndProject
Global
	GlobalSection(SolutionConfigurationPlatforms) = preSolution
		Debug|Any CPU = Debug|Any CPU
		Release|Any CPU = Release|Any CPU
	EndGlobalSection
	GlobalSection(ProjectConfigurationPlatforms) = postSolution
		{EE733C17-EC70-8273-48BD-D520837A0966}.Debug|Any CPU.ActiveCfg = Debug|Any CPU
		{EE733C17-EC70-8273-48BD-D520837A0966}.Debug|Any CPU.Build.0 = Debug|Any CPU
		{EE733C17-EC70-8273-48BD-D520837A0966}.Release|Any CPU.ActiveCfg = Release|Any CPU
		{EE733C17-EC70-8273-48BD-D520837A0966}.Release|Any CPU.Build.0 = Release|Any CPU
	EndGlobalSection
	GlobalSection(SolutionProperties) = preSolution
		HideSolutionNode = FALSE
	EndGlobalSection
	GlobalSection(ExtensibilityGlobals) = postSolution
		SolutionGuid = {387D81A3-E6EF-429E-A820-4DB6F1E63D63}
	EndGlobalSection
EndGlobal
